// !$*UTF8*$!
{
	archiveVersion = 1;
	classes = {
	};
	objectVersion = 46;
	objects = {

/* Begin PBXBuildFile section */
		1F8739E61D818FAE00DADF92 /* TeamsModel.swift in Sources */ = {isa = PBXBuildFile; fileRef = 1F8739E51D818FAE00DADF92 /* TeamsModel.swift */; };
		1F8739E81D8192F900DADF92 /* DataModel.swift in Sources */ = {isa = PBXBuildFile; fileRef = 1F8739E71D8192F900DADF92 /* DataModel.swift */; };
		1FA94CFA1D8371910004016F /* FileModel.swift in Sources */ = {isa = PBXBuildFile; fileRef = 1FA94CF91D8371910004016F /* FileModel.swift */; };
		1FA94CFC1D8371E70004016F /* FileDAO.swift in Sources */ = {isa = PBXBuildFile; fileRef = 1FA94CFB1D8371E70004016F /* FileDAO.swift */; };
		1FC5C5C11D82E36400A63D77 /* Oauth.swift in Sources */ = {isa = PBXBuildFile; fileRef = 1FC5C5C01D82E36400A63D77 /* Oauth.swift */; };
		1FC5C5C31D82E4BB00A63D77 /* LoginModel.swift in Sources */ = {isa = PBXBuildFile; fileRef = 1FC5C5C21D82E4BB00A63D77 /* LoginModel.swift */; };
		1FFCCE721D778C6900060880 /* AppDelegate.swift in Sources */ = {isa = PBXBuildFile; fileRef = 1FFCCE711D778C6900060880 /* AppDelegate.swift */; };
		1FFCCE741D778C6900060880 /* ViewController.swift in Sources */ = {isa = PBXBuildFile; fileRef = 1FFCCE731D778C6900060880 /* ViewController.swift */; };
		1FFCCE771D778C6900060880 /* Main.storyboard in Resources */ = {isa = PBXBuildFile; fileRef = 1FFCCE751D778C6900060880 /* Main.storyboard */; };
		1FFCCE791D778C6900060880 /* Assets.xcassets in Resources */ = {isa = PBXBuildFile; fileRef = 1FFCCE781D778C6900060880 /* Assets.xcassets */; };
		1FFCCE7C1D778C6900060880 /* LaunchScreen.storyboard in Resources */ = {isa = PBXBuildFile; fileRef = 1FFCCE7A1D778C6900060880 /* LaunchScreen.storyboard */; };
		1FFCCE871D778DB900060880 /* ServerHelper.swift in Sources */ = {isa = PBXBuildFile; fileRef = 1FFCCE861D778DB900060880 /* ServerHelper.swift */; };
		1FFCCE8A1D778DDD00060880 /* Promises.swift in Sources */ = {isa = PBXBuildFile; fileRef = 1FFCCE891D778DDD00060880 /* Promises.swift */; };
		1FFCCE8D1D778E6000060880 /* User.swift in Sources */ = {isa = PBXBuildFile; fileRef = 1FFCCE8C1D778E6000060880 /* User.swift */; };
		1FFCCE8F1D778E8700060880 /* Team.swift in Sources */ = {isa = PBXBuildFile; fileRef = 1FFCCE8E1D778E8600060880 /* Team.swift */; };
		1FFCCE921D778F1100060880 /* UserModel.swift in Sources */ = {isa = PBXBuildFile; fileRef = 1FFCCE911D778F1100060880 /* UserModel.swift */; };
		D70A2A761D858CF200174BFC /* CategoriesModel.swift in Sources */ = {isa = PBXBuildFile; fileRef = D70A2A751D858CF200174BFC /* CategoriesModel.swift */; };
		D70A2A781D858D4000174BFC /* CategoryAPI.swift in Sources */ = {isa = PBXBuildFile; fileRef = D70A2A771D858D4000174BFC /* CategoryAPI.swift */; };
		D70A2A7A1D858FDB00174BFC /* ModalitiesModel.swift in Sources */ = {isa = PBXBuildFile; fileRef = D70A2A791D858FDB00174BFC /* ModalitiesModel.swift */; };
		D70A2A7C1D858FFC00174BFC /* Modality.swift in Sources */ = {isa = PBXBuildFile; fileRef = D70A2A7B1D858FFC00174BFC /* Modality.swift */; };
		D70A2A7E1D85909800174BFC /* PlacesModel.swift in Sources */ = {isa = PBXBuildFile; fileRef = D70A2A7D1D85909800174BFC /* PlacesModel.swift */; };
		D70A2A801D8590C000174BFC /* Place.swift in Sources */ = {isa = PBXBuildFile; fileRef = D70A2A7F1D8590C000174BFC /* Place.swift */; };
		D70A2A821D85955600174BFC /* MatchesModel.swift in Sources */ = {isa = PBXBuildFile; fileRef = D70A2A811D85955600174BFC /* MatchesModel.swift */; };
		D70A2A841D8595A700174BFC /* Match.swift in Sources */ = {isa = PBXBuildFile; fileRef = D70A2A831D8595A700174BFC /* Match.swift */; };
		D70A2A861D859FCF00174BFC /* ChampionshipsModel.swift in Sources */ = {isa = PBXBuildFile; fileRef = D70A2A851D859FCF00174BFC /* ChampionshipsModel.swift */; };
		D70A2A881D85A03C00174BFC /* Championship.swift in Sources */ = {isa = PBXBuildFile; fileRef = D70A2A871D85A03C00174BFC /* Championship.swift */; };
		D72B28A51D809F6000FD97B6 /* Configuration.swift in Sources */ = {isa = PBXBuildFile; fileRef = D72B28A41D809F6000FD97B6 /* Configuration.swift */; };
		D733C5281D84CDF2008E69CE /* Extensions.swift in Sources */ = {isa = PBXBuildFile; fileRef = D733C5271D84CDF2008E69CE /* Extensions.swift */; };
/* End PBXBuildFile section */

/* Begin PBXFileReference section */
		1F8739E51D818FAE00DADF92 /* TeamsModel.swift */ = {isa = PBXFileReference; fileEncoding = 4; lastKnownFileType = sourcecode.swift; name = TeamsModel.swift; path = API/activemodels/TeamsModel.swift; sourceTree = "<group>"; };
		1F8739E71D8192F900DADF92 /* DataModel.swift */ = {isa = PBXFileReference; fileEncoding = 4; lastKnownFileType = sourcecode.swift; name = DataModel.swift; path = utils/DataModel.swift; sourceTree = "<group>"; };
		1FA94CF91D8371910004016F /* FileModel.swift */ = {isa = PBXFileReference; fileEncoding = 4; lastKnownFileType = sourcecode.swift; name = FileModel.swift; path = API/activemodels/FileModel.swift; sourceTree = "<group>"; };
		1FA94CFB1D8371E70004016F /* FileDAO.swift */ = {isa = PBXFileReference; fileEncoding = 4; lastKnownFileType = sourcecode.swift; name = FileDAO.swift; path = API/activeobjects/FileDAO.swift; sourceTree = "<group>"; };
		1FC5C5C01D82E36400A63D77 /* Oauth.swift */ = {isa = PBXFileReference; fileEncoding = 4; lastKnownFileType = sourcecode.swift; name = Oauth.swift; path = API/activeobjects/Oauth.swift; sourceTree = "<group>"; };
		1FC5C5C21D82E4BB00A63D77 /* LoginModel.swift */ = {isa = PBXFileReference; fileEncoding = 4; lastKnownFileType = sourcecode.swift; name = LoginModel.swift; path = API/activemodels/LoginModel.swift; sourceTree = "<group>"; };
		1FFCCE6E1D778C6900060880 /* JogVarzea.app */ = {isa = PBXFileReference; explicitFileType = wrapper.application; includeInIndex = 0; path = JogVarzea.app; sourceTree = BUILT_PRODUCTS_DIR; };
		1FFCCE711D778C6900060880 /* AppDelegate.swift */ = {isa = PBXFileReference; lastKnownFileType = sourcecode.swift; path = AppDelegate.swift; sourceTree = "<group>"; };
		1FFCCE731D778C6900060880 /* ViewController.swift */ = {isa = PBXFileReference; lastKnownFileType = sourcecode.swift; path = ViewController.swift; sourceTree = "<group>"; };
		1FFCCE761D778C6900060880 /* Base */ = {isa = PBXFileReference; lastKnownFileType = file.storyboard; name = Base; path = Base.lproj/Main.storyboard; sourceTree = "<group>"; };
		1FFCCE781D778C6900060880 /* Assets.xcassets */ = {isa = PBXFileReference; lastKnownFileType = folder.assetcatalog; path = Assets.xcassets; sourceTree = "<group>"; };
		1FFCCE7B1D778C6900060880 /* Base */ = {isa = PBXFileReference; lastKnownFileType = file.storyboard; name = Base; path = Base.lproj/LaunchScreen.storyboard; sourceTree = "<group>"; };
		1FFCCE7D1D778C6900060880 /* Info.plist */ = {isa = PBXFileReference; lastKnownFileType = text.plist.xml; path = Info.plist; sourceTree = "<group>"; };
		1FFCCE861D778DB900060880 /* ServerHelper.swift */ = {isa = PBXFileReference; fileEncoding = 4; lastKnownFileType = sourcecode.swift; name = ServerHelper.swift; path = API/ServerHelper.swift; sourceTree = "<group>"; };
		1FFCCE891D778DDD00060880 /* Promises.swift */ = {isa = PBXFileReference; fileEncoding = 4; lastKnownFileType = sourcecode.swift; name = Promises.swift; path = utils/Promises.swift; sourceTree = "<group>"; };
		1FFCCE8C1D778E6000060880 /* User.swift */ = {isa = PBXFileReference; fileEncoding = 4; lastKnownFileType = sourcecode.swift; name = User.swift; path = API/activeobjects/User.swift; sourceTree = "<group>"; };
		1FFCCE8E1D778E8600060880 /* Team.swift */ = {isa = PBXFileReference; fileEncoding = 4; lastKnownFileType = sourcecode.swift; name = Team.swift; path = API/activeobjects/Team.swift; sourceTree = "<group>"; };
		1FFCCE911D778F1100060880 /* UserModel.swift */ = {isa = PBXFileReference; fileEncoding = 4; lastKnownFileType = sourcecode.swift; name = UserModel.swift; path = API/activemodels/UserModel.swift; sourceTree = "<group>"; };
		D70A2A751D858CF200174BFC /* CategoriesModel.swift */ = {isa = PBXFileReference; fileEncoding = 4; lastKnownFileType = sourcecode.swift; name = CategoriesModel.swift; path = API/activemodels/CategoriesModel.swift; sourceTree = "<group>"; };
		D70A2A771D858D4000174BFC /* CategoryAPI.swift */ = {isa = PBXFileReference; fileEncoding = 4; lastKnownFileType = sourcecode.swift; name = CategoryAPI.swift; path = API/activeobjects/CategoryAPI.swift; sourceTree = "<group>"; };
		D70A2A791D858FDB00174BFC /* ModalitiesModel.swift */ = {isa = PBXFileReference; fileEncoding = 4; lastKnownFileType = sourcecode.swift; name = ModalitiesModel.swift; path = API/activemodels/ModalitiesModel.swift; sourceTree = "<group>"; };
		D70A2A7B1D858FFC00174BFC /* Modality.swift */ = {isa = PBXFileReference; fileEncoding = 4; lastKnownFileType = sourcecode.swift; name = Modality.swift; path = API/activeobjects/Modality.swift; sourceTree = "<group>"; };
		D70A2A7D1D85909800174BFC /* PlacesModel.swift */ = {isa = PBXFileReference; fileEncoding = 4; lastKnownFileType = sourcecode.swift; name = PlacesModel.swift; path = API/activemodels/PlacesModel.swift; sourceTree = "<group>"; };
		D70A2A7F1D8590C000174BFC /* Place.swift */ = {isa = PBXFileReference; fileEncoding = 4; lastKnownFileType = sourcecode.swift; name = Place.swift; path = API/activeobjects/Place.swift; sourceTree = "<group>"; };
		D70A2A811D85955600174BFC /* MatchesModel.swift */ = {isa = PBXFileReference; fileEncoding = 4; lastKnownFileType = sourcecode.swift; name = MatchesModel.swift; path = API/activemodels/MatchesModel.swift; sourceTree = "<group>"; };
		D70A2A831D8595A700174BFC /* Match.swift */ = {isa = PBXFileReference; fileEncoding = 4; lastKnownFileType = sourcecode.swift; name = Match.swift; path = API/activeobjects/Match.swift; sourceTree = "<group>"; };
		D70A2A851D859FCF00174BFC /* ChampionshipsModel.swift */ = {isa = PBXFileReference; fileEncoding = 4; lastKnownFileType = sourcecode.swift; name = ChampionshipsModel.swift; path = API/activemodels/ChampionshipsModel.swift; sourceTree = "<group>"; };
		D70A2A871D85A03C00174BFC /* Championship.swift */ = {isa = PBXFileReference; fileEncoding = 4; lastKnownFileType = sourcecode.swift; name = Championship.swift; path = API/activeobjects/Championship.swift; sourceTree = "<group>"; };
		D72B28A41D809F6000FD97B6 /* Configuration.swift */ = {isa = PBXFileReference; fileEncoding = 4; lastKnownFileType = sourcecode.swift; path = Configuration.swift; sourceTree = "<group>"; };
		D733C5271D84CDF2008E69CE /* Extensions.swift */ = {isa = PBXFileReference; fileEncoding = 4; lastKnownFileType = sourcecode.swift; name = Extensions.swift; path = utils/Extensions.swift; sourceTree = "<group>"; };
/* End PBXFileReference section */

/* Begin PBXFrameworksBuildPhase section */
		1FFCCE6B1D778C6900060880 /* Frameworks */ = {
			isa = PBXFrameworksBuildPhase;
			buildActionMask = 2147483647;
			files = (
			);
			runOnlyForDeploymentPostprocessing = 0;
		};
/* End PBXFrameworksBuildPhase section */

/* Begin PBXGroup section */
		1FFCCE651D778C6900060880 = {
			isa = PBXGroup;
			children = (
				1FFCCE701D778C6900060880 /* JogVarzea */,
				1FFCCE6F1D778C6900060880 /* Products */,
			);
			sourceTree = "<group>";
		};
		1FFCCE6F1D778C6900060880 /* Products */ = {
			isa = PBXGroup;
			children = (
				1FFCCE6E1D778C6900060880 /* JogVarzea.app */,
			);
			name = Products;
			sourceTree = "<group>";
		};
		1FFCCE701D778C6900060880 /* JogVarzea */ = {
			isa = PBXGroup;
			children = (
				1FFCCE881D778DC600060880 /* utils */,
				1FFCCE831D778D8000060880 /* API */,
				1FFCCE711D778C6900060880 /* AppDelegate.swift */,
				1FFCCE731D778C6900060880 /* ViewController.swift */,
				1FFCCE751D778C6900060880 /* Main.storyboard */,
				1FFCCE781D778C6900060880 /* Assets.xcassets */,
				1FFCCE7A1D778C6900060880 /* LaunchScreen.storyboard */,
				1FFCCE7D1D778C6900060880 /* Info.plist */,
				D72B28A41D809F6000FD97B6 /* Configuration.swift */,
			);
			path = JogVarzea;
			sourceTree = "<group>";
		};
		1FFCCE831D778D8000060880 /* API */ = {
			isa = PBXGroup;
			children = (
				1FFCCE901D778EFA00060880 /* activemodels */,
				1FFCCE8B1D778E3500060880 /* activeobjects */,
				1FFCCE861D778DB900060880 /* ServerHelper.swift */,
			);
			name = API;
			sourceTree = "<group>";
		};
		1FFCCE881D778DC600060880 /* utils */ = {
			isa = PBXGroup;
			children = (
				1FFCCE891D778DDD00060880 /* Promises.swift */,
				D733C5271D84CDF2008E69CE /* Extensions.swift */,
			);
			name = utils;
			sourceTree = "<group>";
		};
		1FFCCE8B1D778E3500060880 /* activeobjects */ = {
			isa = PBXGroup;
			children = (
				1FC5C5C01D82E36400A63D77 /* Oauth.swift */,
				1FFCCE8C1D778E6000060880 /* User.swift */,
				1FFCCE8E1D778E8600060880 /* Team.swift */,
				1FA94CFB1D8371E70004016F /* FileDAO.swift */,
				D70A2A771D858D4000174BFC /* CategoryAPI.swift */,
				D70A2A7B1D858FFC00174BFC /* Modality.swift */,
				D70A2A7F1D8590C000174BFC /* Place.swift */,
				D70A2A831D8595A700174BFC /* Match.swift */,
				D70A2A871D85A03C00174BFC /* Championship.swift */,
			);
			name = activeobjects;
			sourceTree = "<group>";
		};
		1FFCCE901D778EFA00060880 /* activemodels */ = {
			isa = PBXGroup;
			children = (
				1FFCCE911D778F1100060880 /* UserModel.swift */,
				1F8739E51D818FAE00DADF92 /* TeamsModel.swift */,
				1F8739E71D8192F900DADF92 /* DataModel.swift */,
				1FC5C5C21D82E4BB00A63D77 /* LoginModel.swift */,
				1FA94CF91D8371910004016F /* FileModel.swift */,
				D70A2A751D858CF200174BFC /* CategoriesModel.swift */,
				D70A2A791D858FDB00174BFC /* ModalitiesModel.swift */,
				D70A2A7D1D85909800174BFC /* PlacesModel.swift */,
				D70A2A811D85955600174BFC /* MatchesModel.swift */,
				D70A2A851D859FCF00174BFC /* ChampionshipsModel.swift */,
			);
			name = activemodels;
			sourceTree = "<group>";
		};
/* End PBXGroup section */

/* Begin PBXNativeTarget section */
		1FFCCE6D1D778C6900060880 /* JogVarzea */ = {
			isa = PBXNativeTarget;
			buildConfigurationList = 1FFCCE801D778C6900060880 /* Build configuration list for PBXNativeTarget "JogVarzea" */;
			buildPhases = (
				1FFCCE6A1D778C6900060880 /* Sources */,
				1FFCCE6B1D778C6900060880 /* Frameworks */,
				1FFCCE6C1D778C6900060880 /* Resources */,
			);
			buildRules = (
			);
			dependencies = (
			);
			name = JogVarzea;
			productName = JogVarzea;
			productReference = 1FFCCE6E1D778C6900060880 /* JogVarzea.app */;
			productType = "com.apple.product-type.application";
		};
/* End PBXNativeTarget section */

/* Begin PBXProject section */
		1FFCCE661D778C6900060880 /* Project object */ = {
			isa = PBXProject;
			attributes = {
				LastSwiftUpdateCheck = 0730;
				LastUpgradeCheck = 0730;
				ORGANIZATIONNAME = torquatoStudios;
				TargetAttributes = {
					1FFCCE6D1D778C6900060880 = {
						CreatedOnToolsVersion = 7.3.1;
					};
				};
			};
			buildConfigurationList = 1FFCCE691D778C6900060880 /* Build configuration list for PBXProject "JogVarzea" */;
			compatibilityVersion = "Xcode 3.2";
			developmentRegion = English;
			hasScannedForEncodings = 0;
			knownRegions = (
				en,
				Base,
			);
			mainGroup = 1FFCCE651D778C6900060880;
			productRefGroup = 1FFCCE6F1D778C6900060880 /* Products */;
			projectDirPath = "";
			projectRoot = "";
			targets = (
				1FFCCE6D1D778C6900060880 /* JogVarzea */,
			);
		};
/* End PBXProject section */

/* Begin PBXResourcesBuildPhase section */
		1FFCCE6C1D778C6900060880 /* Resources */ = {
			isa = PBXResourcesBuildPhase;
			buildActionMask = 2147483647;
			files = (
				1FFCCE7C1D778C6900060880 /* LaunchScreen.storyboard in Resources */,
				1FFCCE791D778C6900060880 /* Assets.xcassets in Resources */,
				1FFCCE771D778C6900060880 /* Main.storyboard in Resources */,
			);
			runOnlyForDeploymentPostprocessing = 0;
		};
/* End PBXResourcesBuildPhase section */

/* Begin PBXSourcesBuildPhase section */
		1FFCCE6A1D778C6900060880 /* Sources */ = {
			isa = PBXSourcesBuildPhase;
			buildActionMask = 2147483647;
			files = (
				D70A2A7C1D858FFC00174BFC /* Modality.swift in Sources */,
				1FFCCE871D778DB900060880 /* ServerHelper.swift in Sources */,
				D70A2A861D859FCF00174BFC /* ChampionshipsModel.swift in Sources */,
				1FC5C5C31D82E4BB00A63D77 /* LoginModel.swift in Sources */,
				D70A2A821D85955600174BFC /* MatchesModel.swift in Sources */,
				D70A2A7A1D858FDB00174BFC /* ModalitiesModel.swift in Sources */,
				1FFCCE741D778C6900060880 /* ViewController.swift in Sources */,
				1FFCCE921D778F1100060880 /* UserModel.swift in Sources */,
				D70A2A841D8595A700174BFC /* Match.swift in Sources */,
				1FFCCE8F1D778E8700060880 /* Team.swift in Sources */,
				D70A2A781D858D4000174BFC /* CategoryAPI.swift in Sources */,
				1FFCCE8D1D778E6000060880 /* User.swift in Sources */,
				D70A2A7E1D85909800174BFC /* PlacesModel.swift in Sources */,
				D70A2A881D85A03C00174BFC /* Championship.swift in Sources */,
				1FA94CFC1D8371E70004016F /* FileDAO.swift in Sources */,
				D70A2A761D858CF200174BFC /* CategoriesModel.swift in Sources */,
				D70A2A801D8590C000174BFC /* Place.swift in Sources */,
				1F8739E81D8192F900DADF92 /* DataModel.swift in Sources */,
				1F8739E61D818FAE00DADF92 /* TeamsModel.swift in Sources */,
				1FFCCE721D778C6900060880 /* AppDelegate.swift in Sources */,
				D733C5281D84CDF2008E69CE /* Extensions.swift in Sources */,
				1FA94CFA1D8371910004016F /* FileModel.swift in Sources */,
				D72B28A51D809F6000FD97B6 /* Configuration.swift in Sources */,
				1FC5C5C11D82E36400A63D77 /* Oauth.swift in Sources */,
				1FFCCE8A1D778DDD00060880 /* Promises.swift in Sources */,
			);
			runOnlyForDeploymentPostprocessing = 0;
		};
/* End PBXSourcesBuildPhase section */

/* Begin PBXVariantGroup section */
		1FFCCE751D778C6900060880 /* Main.storyboard */ = {
			isa = PBXVariantGroup;
			children = (
				1FFCCE761D778C6900060880 /* Base */,
			);
			name = Main.storyboard;
			sourceTree = "<group>";
		};
		1FFCCE7A1D778C6900060880 /* LaunchScreen.storyboard */ = {
			isa = PBXVariantGroup;
			children = (
				1FFCCE7B1D778C6900060880 /* Base */,
			);
			name = LaunchScreen.storyboard;
			sourceTree = "<group>";
		};
/* End PBXVariantGroup section */

/* Begin XCBuildConfiguration section */
		1FFCCE7E1D778C6900060880 /* Debug */ = {
			isa = XCBuildConfiguration;
			buildSettings = {
				ALWAYS_SEARCH_USER_PATHS = NO;
				CLANG_ANALYZER_NONNULL = YES;
				CLANG_CXX_LANGUAGE_STANDARD = "gnu++0x";
				CLANG_CXX_LIBRARY = "libc++";
				CLANG_ENABLE_MODULES = YES;
				CLANG_ENABLE_OBJC_ARC = YES;
				CLANG_WARN_BOOL_CONVERSION = YES;
				CLANG_WARN_CONSTANT_CONVERSION = YES;
				CLANG_WARN_DIRECT_OBJC_ISA_USAGE = YES_ERROR;
				CLANG_WARN_EMPTY_BODY = YES;
				CLANG_WARN_ENUM_CONVERSION = YES;
				CLANG_WARN_INT_CONVERSION = YES;
				CLANG_WARN_OBJC_ROOT_CLASS = YES_ERROR;
				CLANG_WARN_UNREACHABLE_CODE = YES;
				CLANG_WARN__DUPLICATE_METHOD_MATCH = YES;
				"CODE_SIGN_IDENTITY[sdk=iphoneos*]" = "iPhone Developer";
				COPY_PHASE_STRIP = NO;
				DEBUG_INFORMATION_FORMAT = dwarf;
				ENABLE_STRICT_OBJC_MSGSEND = YES;
				ENABLE_TESTABILITY = YES;
				GCC_C_LANGUAGE_STANDARD = gnu99;
				GCC_DYNAMIC_NO_PIC = NO;
				GCC_NO_COMMON_BLOCKS = YES;
				GCC_OPTIMIZATION_LEVEL = 0;
				GCC_PREPROCESSOR_DEFINITIONS = (
					"DEBUG=1",
					"$(inherited)",
				);
				GCC_WARN_64_TO_32_BIT_CONVERSION = YES;
				GCC_WARN_ABOUT_RETURN_TYPE = YES_ERROR;
				GCC_WARN_UNDECLARED_SELECTOR = YES;
				GCC_WARN_UNINITIALIZED_AUTOS = YES_AGGRESSIVE;
				GCC_WARN_UNUSED_FUNCTION = YES;
				GCC_WARN_UNUSED_VARIABLE = YES;
				IPHONEOS_DEPLOYMENT_TARGET = 9.3;
				MTL_ENABLE_DEBUG_INFO = YES;
				ONLY_ACTIVE_ARCH = YES;
				SDKROOT = iphoneos;
				SWIFT_OPTIMIZATION_LEVEL = "-Onone";
			};
			name = Debug;
		};
		1FFCCE7F1D778C6900060880 /* Release */ = {
			isa = XCBuildConfiguration;
			buildSettings = {
				ALWAYS_SEARCH_USER_PATHS = NO;
				CLANG_ANALYZER_NONNULL = YES;
				CLANG_CXX_LANGUAGE_STANDARD = "gnu++0x";
				CLANG_CXX_LIBRARY = "libc++";
				CLANG_ENABLE_MODULES = YES;
				CLANG_ENABLE_OBJC_ARC = YES;
				CLANG_WARN_BOOL_CONVERSION = YES;
				CLANG_WARN_CONSTANT_CONVERSION = YES;
				CLANG_WARN_DIRECT_OBJC_ISA_USAGE = YES_ERROR;
				CLANG_WARN_EMPTY_BODY = YES;
				CLANG_WARN_ENUM_CONVERSION = YES;
				CLANG_WARN_INT_CONVERSION = YES;
				CLANG_WARN_OBJC_ROOT_CLASS = YES_ERROR;
				CLANG_WARN_UNREACHABLE_CODE = YES;
				CLANG_WARN__DUPLICATE_METHOD_MATCH = YES;
				"CODE_SIGN_IDENTITY[sdk=iphoneos*]" = "iPhone Developer";
				COPY_PHASE_STRIP = NO;
				DEBUG_INFORMATION_FORMAT = "dwarf-with-dsym";
				ENABLE_NS_ASSERTIONS = NO;
				ENABLE_STRICT_OBJC_MSGSEND = YES;
				GCC_C_LANGUAGE_STANDARD = gnu99;
				GCC_NO_COMMON_BLOCKS = YES;
				GCC_WARN_64_TO_32_BIT_CONVERSION = YES;
				GCC_WARN_ABOUT_RETURN_TYPE = YES_ERROR;
				GCC_WARN_UNDECLARED_SELECTOR = YES;
				GCC_WARN_UNINITIALIZED_AUTOS = YES_AGGRESSIVE;
				GCC_WARN_UNUSED_FUNCTION = YES;
				GCC_WARN_UNUSED_VARIABLE = YES;
				IPHONEOS_DEPLOYMENT_TARGET = 9.3;
				MTL_ENABLE_DEBUG_INFO = NO;
				SDKROOT = iphoneos;
				VALIDATE_PRODUCT = YES;
			};
			name = Release;
		};
		1FFCCE811D778C6900060880 /* Debug */ = {
			isa = XCBuildConfiguration;
			buildSettings = {
				ASSETCATALOG_COMPILER_APPICON_NAME = AppIcon;
				INFOPLIST_FILE = JogVarzea/Info.plist;
				LD_RUNPATH_SEARCH_PATHS = "$(inherited) @executable_path/Frameworks";
				PRODUCT_BUNDLE_IDENTIFIER = torquatoStudios.JogVarzea.JogVarzea;
				PRODUCT_NAME = "$(TARGET_NAME)";
			};
			name = Debug;
		};
		1FFCCE821D778C6900060880 /* Release */ = {
			isa = XCBuildConfiguration;
			buildSettings = {
				ASSETCATALOG_COMPILER_APPICON_NAME = AppIcon;
				INFOPLIST_FILE = JogVarzea/Info.plist;
				LD_RUNPATH_SEARCH_PATHS = "$(inherited) @executable_path/Frameworks";
				PRODUCT_BUNDLE_IDENTIFIER = torquatoStudios.JogVarzea.JogVarzea;
				PRODUCT_NAME = "$(TARGET_NAME)";
			};
			name = Release;
		};
/* End XCBuildConfiguration section */

/* Begin XCConfigurationList section */
		1FFCCE691D778C6900060880 /* Build configuration list for PBXProject "JogVarzea" */ = {
			isa = XCConfigurationList;
			buildConfigurations = (
				1FFCCE7E1D778C6900060880 /* Debug */,
				1FFCCE7F1D778C6900060880 /* Release */,
			);
			defaultConfigurationIsVisible = 0;
			defaultConfigurationName = Release;
		};
		1FFCCE801D778C6900060880 /* Build configuration list for PBXNativeTarget "JogVarzea" */ = {
			isa = XCConfigurationList;
			buildConfigurations = (
				1FFCCE811D778C6900060880 /* Debug */,
				1FFCCE821D778C6900060880 /* Release */,
			);
			defaultConfigurationIsVisible = 0;
			defaultConfigurationName = Release;
		};
/* End XCConfigurationList section */
	};
	rootObject = 1FFCCE661D778C6900060880 /* Project object */;
}
